
Microsoft Visual Studio Solution File, Format Version 12.00
# Visual Studio Version 17
VisualStudioVersion = 17.0.32126.317
MinimumVisualStudioVersion = 10.0.40219.1
Project("{FAE04EC0-301F-11D3-BF4B-00C04F79EFBC}") = "Main", "Main\Main.csproj", "{F62C0083-C738-4393-94F5-01C44E99EF20}"
EndProject
Global
	GlobalSection(SolutionConfigurationPlatforms) = preSolution
		Debug|Any CPU = Debug|Any CPU
		Release|Any CPU = Release|Any CPU
	EndGlobalSection
	GlobalSection(ProjectConfigurationPlatforms) = postSolution
		{F62C0083-C738-4393-94F5-01C44E99EF20}.Debug|Any CPU.ActiveCfg = Debug|Any CPU
		{F62C0083-C738-4393-94F5-01C44E99EF20}.Debug|Any CPU.Build.0 = Debug|Any CPU
		{F62C0083-C738-4393-94F5-01C44E99EF20}.Release|Any CPU.ActiveCfg = Release|Any CPU
		{F62C0083-C738-4393-94F5-01C44E99EF20}.Release|Any CPU.Build.0 = Release|Any CPU
	EndGlobalSection
	GlobalSection(SolutionProperties) = preSolution
		HideSolutionNode = FALSE
	EndGlobalSection
	GlobalSection(ExtensibilityGlobals) = postSolution
		SolutionGuid = {0A8694BF-6522-4162-931A-1F625193D879}
	EndGlobalSection
EndGlobal
